
Microsoft Visual Studio Solution File, Format Version 12.00
# Visual Studio Version 16
VisualStudioVersion = 16.0.30804.86
MinimumVisualStudioVersion = 10.0.40219.1
Project("{FAE04EC0-301F-11D3-BF4B-00C04F79EFBC}") = "ExpressionEvaluator", "ExpressionEvaluator\ExpressionEvaluator.csproj", "{A3059DE6-661A-4D36-8B30-47EA72D8C35A}"
EndProject
Project("{FAE04EC0-301F-11D3-BF4B-00C04F79EFBC}") = "ExpressionEvaluatorTest", "ExpressionEvaluatorTest\ExpressionEvaluatorTest.csproj", "{2496F078-BE28-4BFB-BDCC-0897C5D4FB2F}"
EndProject
Global
	GlobalSection(SolutionConfigurationPlatforms) = preSolution
		Debug|Any CPU = Debug|Any CPU
		Release|Any CPU = Release|Any CPU
	EndGlobalSection
	GlobalSection(ProjectConfigurationPlatforms) = postSolution
		{A3059DE6-661A-4D36-8B30-47EA72D8C35A}.Debug|Any CPU.ActiveCfg = Debug|Any CPU
		{A3059DE6-661A-4D36-8B30-47EA72D8C35A}.Debug|Any CPU.Build.0 = Debug|Any CPU
		{A3059DE6-661A-4D36-8B30-47EA72D8C35A}.Release|Any CPU.ActiveCfg = Release|Any CPU
		{A3059DE6-661A-4D36-8B30-47EA72D8C35A}.Release|Any CPU.Build.0 = Release|Any CPU
		{2496F078-BE28-4BFB-BDCC-0897C5D4FB2F}.Debug|Any CPU.ActiveCfg = Debug|Any CPU
		{2496F078-BE28-4BFB-BDCC-0897C5D4FB2F}.Debug|Any CPU.Build.0 = Debug|Any CPU
		{2496F078-BE28-4BFB-BDCC-0897C5D4FB2F}.Release|Any CPU.ActiveCfg = Release|Any CPU
		{2496F078-BE28-4BFB-BDCC-0897C5D4FB2F}.Release|Any CPU.Build.0 = Release|Any CPU
	EndGlobalSection
	GlobalSection(SolutionProperties) = preSolution
		HideSolutionNode = FALSE
	EndGlobalSection
	GlobalSection(ExtensibilityGlobals) = postSolution
		SolutionGuid = {9BD16B74-0C9E-4FCC-9E5D-65FA7E0CAEAE}
	EndGlobalSection
EndGlobal
